
Microsoft Visual Studio Solution File, Format Version 12.00
# Visual Studio Version 16
VisualStudioVersion = 16.0.30104.148
MinimumVisualStudioVersion = 15.0.26124.0
Project("{9A19103F-16F7-4668-BE54-9A1E7A4F7556}") = "Xamarin.FluentInjector", "Xamarin.FluentInjector\Xamarin.FluentInjector.csproj", "{94A59773-5C57-44E6-84FC-E0EF9812D8CA}"
EndProject
Project("{FAE04EC0-301F-11D3-BF4B-00C04F79EFBC}") = "Xamarin.FluentInjector.Tests", "Xamarin.FluentInjector.Tests\Xamarin.FluentInjector.Tests.csproj", "{50D45895-B5E5-4A1B-B8CF-8AAAFA7BCB98}"
EndProject
Global
	GlobalSection(SolutionConfigurationPlatforms) = preSolution
		Debug|Any CPU = Debug|Any CPU
		Debug|x64 = Debug|x64
		Debug|x86 = Debug|x86
		Release|Any CPU = Release|Any CPU
		Release|x64 = Release|x64
		Release|x86 = Release|x86
	EndGlobalSection
	GlobalSection(ProjectConfigurationPlatforms) = postSolution
		{94A59773-5C57-44E6-84FC-E0EF9812D8CA}.Debug|Any CPU.ActiveCfg = Debug|Any CPU
		{94A59773-5C57-44E6-84FC-E0EF9812D8CA}.Debug|Any CPU.Build.0 = Debug|Any CPU
		{94A59773-5C57-44E6-84FC-E0EF9812D8CA}.Debug|x64.ActiveCfg = Debug|Any CPU
		{94A59773-5C57-44E6-84FC-E0EF9812D8CA}.Debug|x64.Build.0 = Debug|Any CPU
		{94A59773-5C57-44E6-84FC-E0EF9812D8CA}.Debug|x86.ActiveCfg = Debug|Any CPU
		{94A59773-5C57-44E6-84FC-E0EF9812D8CA}.Debug|x86.Build.0 = Debug|Any CPU
		{94A59773-5C57-44E6-84FC-E0EF9812D8CA}.Release|Any CPU.ActiveCfg = Release|Any CPU
		{94A59773-5C57-44E6-84FC-E0EF9812D8CA}.Release|Any CPU.Build.0 = Release|Any CPU
		{94A59773-5C57-44E6-84FC-E0EF9812D8CA}.Release|x64.ActiveCfg = Release|Any CPU
		{94A59773-5C57-44E6-84FC-E0EF9812D8CA}.Release|x64.Build.0 = Release|Any CPU
		{94A59773-5C57-44E6-84FC-E0EF9812D8CA}.Release|x86.ActiveCfg = Release|Any CPU
		{94A59773-5C57-44E6-84FC-E0EF9812D8CA}.Release|x86.Build.0 = Release|Any CPU
		{50D45895-B5E5-4A1B-B8CF-8AAAFA7BCB98}.Debug|Any CPU.ActiveCfg = Debug|Any CPU
		{50D45895-B5E5-4A1B-B8CF-8AAAFA7BCB98}.Debug|Any CPU.Build.0 = Debug|Any CPU
		{50D45895-B5E5-4A1B-B8CF-8AAAFA7BCB98}.Debug|x64.ActiveCfg = Debug|Any CPU
		{50D45895-B5E5-4A1B-B8CF-8AAAFA7BCB98}.Debug|x64.Build.0 = Debug|Any CPU
		{50D45895-B5E5-4A1B-B8CF-8AAAFA7BCB98}.Debug|x86.ActiveCfg = Debug|Any CPU
		{50D45895-B5E5-4A1B-B8CF-8AAAFA7BCB98}.Debug|x86.Build.0 = Debug|Any CPU
		{50D45895-B5E5-4A1B-B8CF-8AAAFA7BCB98}.Release|Any CPU.ActiveCfg = Release|Any CPU
		{50D45895-B5E5-4A1B-B8CF-8AAAFA7BCB98}.Release|Any CPU.Build.0 = Release|Any CPU
		{50D45895-B5E5-4A1B-B8CF-8AAAFA7BCB98}.Release|x64.ActiveCfg = Release|Any CPU
		{50D45895-B5E5-4A1B-B8CF-8AAAFA7BCB98}.Release|x64.Build.0 = Release|Any CPU
		{50D45895-B5E5-4A1B-B8CF-8AAAFA7BCB98}.Release|x86.ActiveCfg = Release|Any CPU
		{50D45895-B5E5-4A1B-B8CF-8AAAFA7BCB98}.Release|x86.Build.0 = Release|Any CPU
	EndGlobalSection
	GlobalSection(SolutionProperties) = preSolution
		HideSolutionNode = FALSE
	EndGlobalSection
	GlobalSection(ExtensibilityGlobals) = postSolution
		SolutionGuid = {47B338DC-25DF-4EC2-9E2F-39DB89184D28}
	EndGlobalSection
EndGlobal
